PODS:
  - VegaScrollFlowLayout (1.1)

DEPENDENCIES:
  - VegaScrollFlowLayout

SPEC REPOS:
  https://github.com/cocoapods/specs.git:
    - VegaScrollFlowLayout

SPEC CHECKSUMS:
  VegaScrollFlowLayout: 9158061f29179147755f937c2b21693fc5dbbac3

PODFILE CHECKSUM: 4b314977ac2205e931fe4f4424cf406811b00371

COCOAPODS: 1.7.2
